// !$*UTF8*$!
{
	archiveVersion = 1;
	classes = {
	};
	objectVersion = 77;
	objects = {

/* Begin PBXBuildFile section */
		4D3BCAF62E6F39D500AE9870 /* config.plist in Resources */ = {isa = PBXBuildFile; fileRef = 4D3BCAF52E6F39D500AE9870 /* config.plist */; };
		4DEBD9DE2ECB7E5900F3D7C8 /* testItems.plist in Resources */ = {isa = PBXBuildFile; fileRef = 4DEBD9DD2ECB7E5900F3D7C8 /* testItems.plist */; };
		4DF95EAC2ED4B9BE00B3D9FA /* README.md in Resources */ = {isa = PBXBuildFile; fileRef = 4DF95EAB2ED4B9BE00B3D9FA /* README.md */; };
		5ECA97CE2E66E2F90025245E /* VSTT2 in Frameworks */ = {isa = PBXBuildFile; productRef = 5ECA97CD2E66E2F90025245E /* VSTT2 */; };
		5ECA97D02E66E2F90025245E /* VSMap in Frameworks */ = {isa = PBXBuildFile; productRef = 5ECA97CF2E66E2F90025245E /* VSMap */; };
/* End PBXBuildFile section */

/* Begin PBXFileReference section */
		4D3BCAF52E6F39D500AE9870 /* config.plist */ = {isa = PBXFileReference; lastKnownFileType = text.plist.xml; path = config.plist; sourceTree = "<group>"; };
		4DEBD9DD2ECB7E5900F3D7C8 /* testItems.plist */ = {isa = PBXFileReference; lastKnownFileType = text.plist.xml; path = testItems.plist; sourceTree = "<group>"; };
		4DF95EAB2ED4B9BE00B3D9FA /* README.md */ = {isa = PBXFileReference; lastKnownFileType = net.daringfireball.markdown; path = README.md; sourceTree = "<group>"; };
		5ECA97962E66E2010025245E /* ios-test-application.app */ = {isa = PBXFileReference; explicitFileType = wrapper.application; includeInIndex = 0; path = "ios-test-application.app"; sourceTree = BUILT_PRODUCTS_DIR; };
/* End PBXFileReference section */

/* Begin PBXFileSystemSynchronizedBuildFileExceptionSet section */
		5ECA97BE2E66E2030025245E /* Exceptions for "ios-test-application" folder in "ios-test-application" target */ = {
			isa = PBXFileSystemSynchronizedBuildFileExceptionSet;
			membershipExceptions = (
				Info.plist,
			);
			target = 5ECA97952E66E2010025245E /* ios-test-application */;
		};
/* End PBXFileSystemSynchronizedBuildFileExceptionSet section */

/* Begin PBXFileSystemSynchronizedRootGroup section */
		5ECA97982E66E2010025245E /* ios-test-application */ = {
			isa = PBXFileSystemSynchronizedRootGroup;
			exceptions = (
				5ECA97BE2E66E2030025245E /* Exceptions for "ios-test-application" folder in "ios-test-application" target */,
			);
			path = "ios-test-application";
			sourceTree = "<group>";
		};
/* End PBXFileSystemSynchronizedRootGroup section */

/* Begin PBXFrameworksBuildPhase section */
		5ECA97932E66E2010025245E /* Frameworks */ = {
			isa = PBXFrameworksBuildPhase;
			buildActionMask = 2147483647;
			files = (
				5ECA97D02E66E2F90025245E /* VSMap in Frameworks */,
				5ECA97CE2E66E2F90025245E /* VSTT2 in Frameworks */,
			);
			runOnlyForDeploymentPostprocessing = 0;
		};
/* End PBXFrameworksBuildPhase section */

/* Begin PBXGroup section */
		5EC29C582E684A9500E09B4E /* Packages */ = {
			isa = PBXGroup;
			children = (
			);
			path = Packages;
			sourceTree = "<group>";
		};
		5ECA978D2E66E2010025245E = {
			isa = PBXGroup;
			children = (
				4DF95EAB2ED4B9BE00B3D9FA /* README.md */,
				4DEBD9DD2ECB7E5900F3D7C8 /* testItems.plist */,
				4D3BCAF52E6F39D500AE9870 /* config.plist */,
				5ECA97982E66E2010025245E /* ios-test-application */,
				5EC29C582E684A9500E09B4E /* Packages */,
				5ECA97CC2E66E2F90025245E /* Frameworks */,
				5ECA97972E66E2010025245E /* Products */,
			);
			sourceTree = "<group>";
		};
		5ECA97972E66E2010025245E /* Products */ = {
			isa = PBXGroup;
			children = (
				5ECA97962E66E2010025245E /* ios-test-application.app */,
			);
			name = Products;
			sourceTree = "<group>";
		};
		5ECA97CC2E66E2F90025245E /* Frameworks */ = {
			isa = PBXGroup;
			children = (
			);
			name = Frameworks;
			sourceTree = "<group>";
		};
/* End PBXGroup section */

/* Begin PBXNativeTarget section */
		5ECA97952E66E2010025245E /* ios-test-application */ = {
			isa = PBXNativeTarget;
			buildConfigurationList = 5ECA97BF2E66E2030025245E /* Build configuration list for PBXNativeTarget "ios-test-application" */;
			buildPhases = (
				5ECA97922E66E2010025245E /* Sources */,
				5ECA97932E66E2010025245E /* Frameworks */,
				5ECA97942E66E2010025245E /* Resources */,
			);
			buildRules = (
			);
			dependencies = (
			);
			fileSystemSynchronizedGroups = (
				5ECA97982E66E2010025245E /* ios-test-application */,
			);
			name = "ios-test-application";
			packageProductDependencies = (
				5ECA97CD2E66E2F90025245E /* VSTT2 */,
				5ECA97CF2E66E2F90025245E /* VSMap */,
			);
			productName = "tt2-wayfinding";
			productReference = 5ECA97962E66E2010025245E /* ios-test-application.app */;
			productType = "com.apple.product-type.application";
		};
/* End PBXNativeTarget section */

/* Begin PBXProject section */
		5ECA978E2E66E2010025245E /* Project object */ = {
			isa = PBXProject;
			attributes = {
				BuildIndependentTargetsInParallel = 1;
				LastSwiftUpdateCheck = 1620;
				LastUpgradeCheck = 1620;
				TargetAttributes = {
					5ECA97952E66E2010025245E = {
						CreatedOnToolsVersion = 16.2;
					};
				};
			};
			buildConfigurationList = 5ECA97912E66E2010025245E /* Build configuration list for PBXProject "ios-test-application" */;
			developmentRegion = en;
			hasScannedForEncodings = 0;
			knownRegions = (
				en,
				Base,
			);
			mainGroup = 5ECA978D2E66E2010025245E;
			minimizedProjectReferenceProxies = 1;
			packageReferences = (
				5ECA97CA2E66E2480025245E /* XCRemoteSwiftPackageReference "ios-sdk" */,
				5ECA97CB2E66E2E40025245E /* XCRemoteSwiftPackageReference "ios-map" */,
			);
			preferredProjectObjectVersion = 77;
			productRefGroup = 5ECA97972E66E2010025245E /* Products */;
			projectDirPath = "";
			projectRoot = "";
			targets = (
				5ECA97952E66E2010025245E /* ios-test-application */,
			);
		};
/* End PBXProject section */

/* Begin PBXResourcesBuildPhase section */
		5ECA97942E66E2010025245E /* Resources */ = {
			isa = PBXResourcesBuildPhase;
			buildActionMask = 2147483647;
			files = (
				4DF95EAC2ED4B9BE00B3D9FA /* README.md in Resources */,
				4DEBD9DE2ECB7E5900F3D7C8 /* testItems.plist in Resources */,
				4D3BCAF62E6F39D500AE9870 /* config.plist in Resources */,
			);
			runOnlyForDeploymentPostprocessing = 0;
		};
/* End PBXResourcesBuildPhase section */

/* Begin PBXSourcesBuildPhase section */
		5ECA97922E66E2010025245E /* Sources */ = {
			isa = PBXSourcesBuildPhase;
			buildActionMask = 2147483647;
			files = (
			);
			runOnlyForDeploymentPostprocessing = 0;
		};
/* End PBXSourcesBuildPhase section */

/* Begin XCBuildConfiguration section */
		5ECA97C02E66E2030025245E /* Debug */ = {
			isa = XCBuildConfiguration;
			buildSettings = {
				ASSETCATALOG_COMPILER_APPICON_NAME = AppIcon;
				ASSETCATALOG_COMPILER_GLOBAL_ACCENT_COLOR_NAME = AccentColor;
				CODE_SIGN_STYLE = Automatic;
				CURRENT_PROJECT_VERSION = 1;
				DEVELOPMENT_TEAM = 7CW7ARRV9E;
				GENERATE_INFOPLIST_FILE = YES;
				INFOPLIST_FILE = "ios-test-application/Info.plist";
				INFOPLIST_KEY_NSLocationWhenInUseUsageDescription = "Need it for this to work";
				INFOPLIST_KEY_NSMotionUsageDescription = "I dont need this";
				INFOPLIST_KEY_UIApplicationSupportsIndirectInputEvents = YES;
				INFOPLIST_KEY_UILaunchStoryboardName = LaunchScreen;
				INFOPLIST_KEY_UIMainStoryboardFile = Main;
				INFOPLIST_KEY_UISupportedInterfaceOrientations = UIInterfaceOrientationPortrait;
				LD_RUNPATH_SEARCH_PATHS = (
					"$(inherited)",
					"@executable_path/Frameworks",
				);
				MARKETING_VERSION = 1.0.0;
				PRODUCT_BUNDLE_IDENTIFIER = "se.tt2.ios-test-application";
				PRODUCT_NAME = "$(TARGET_NAME)";
				SUPPORTED_PLATFORMS = "iphoneos iphonesimulator";
				SUPPORTS_MACCATALYST = NO;
				SUPPORTS_XR_DESIGNED_FOR_IPHONE_IPAD = NO;
				SWIFT_EMIT_LOC_STRINGS = YES;
				SWIFT_VERSION = 5.0;
				TARGETED_DEVICE_FAMILY = 1;
			};
			name = Debug;
		};
		5ECA97C12E66E2030025245E /* Release */ = {
			isa = XCBuildConfiguration;
			buildSettings = {
				ASSETCATALOG_COMPILER_APPICON_NAME = AppIcon;
				ASSETCATALOG_COMPILER_GLOBAL_ACCENT_COLOR_NAME = AccentColor;
				CODE_SIGN_STYLE = Automatic;
				CURRENT_PROJECT_VERSION = 1;
				DEVELOPMENT_TEAM = 7CW7ARRV9E;
				GENERATE_INFOPLIST_FILE = YES;
				INFOPLIST_FILE = "ios-test-application/Info.plist";
				INFOPLIST_KEY_NSLocationWhenInUseUsageDescription = "Need it for this to work";
				INFOPLIST_KEY_NSMotionUsageDescription = "I dont need this";
				INFOPLIST_KEY_UIApplicationSupportsIndirectInputEvents = YES;
				INFOPLIST_KEY_UILaunchStoryboardName = LaunchScreen;
				INFOPLIST_KEY_UIMainStoryboardFile = Main;
				INFOPLIST_KEY_UISupportedInterfaceOrientations = UIInterfaceOrientationPortrait;
				LD_RUNPATH_SEARCH_PATHS = (
					"$(inherited)",
					"@executable_path/Frameworks",
				);
				MARKETING_VERSION = 1.0.0;
				PRODUCT_BUNDLE_IDENTIFIER = "se.tt2.ios-test-application";
				PRODUCT_NAME = "$(TARGET_NAME)";
				SUPPORTED_PLATFORMS = "iphoneos iphonesimulator";
				SUPPORTS_MACCATALYST = NO;
				SUPPORTS_XR_DESIGNED_FOR_IPHONE_IPAD = NO;
				SWIFT_EMIT_LOC_STRINGS = YES;
				SWIFT_VERSION = 5.0;
				TARGETED_DEVICE_FAMILY = 1;
			};
			name = Release;
		};
		5ECA97C22E66E2030025245E /* Debug */ = {
			isa = XCBuildConfiguration;
			buildSettings = {
				ALWAYS_SEARCH_USER_PATHS = NO;
				ASSETCATALOG_COMPILER_GENERATE_SWIFT_ASSET_SYMBOL_EXTENSIONS = YES;
				CLANG_ANALYZER_NONNULL = YES;
				CLANG_ANALYZER_NUMBER_OBJECT_CONVERSION = YES_AGGRESSIVE;
				CLANG_CXX_LANGUAGE_STANDARD = "gnu++20";
				CLANG_ENABLE_MODULES = YES;
				CLANG_ENABLE_OBJC_ARC = YES;
				CLANG_ENABLE_OBJC_WEAK = YES;
				CLANG_WARN_BLOCK_CAPTURE_AUTORELEASING = YES;
				CLANG_WARN_BOOL_CONVERSION = YES;
				CLANG_WARN_COMMA = YES;
				CLANG_WARN_CONSTANT_CONVERSION = YES;
				CLANG_WARN_DEPRECATED_OBJC_IMPLEMENTATIONS = YES;
				CLANG_WARN_DIRECT_OBJC_ISA_USAGE = YES_ERROR;
				CLANG_WARN_DOCUMENTATION_COMMENTS = YES;
				CLANG_WARN_EMPTY_BODY = YES;
				CLANG_WARN_ENUM_CONVERSION = YES;
				CLANG_WARN_INFINITE_RECURSION = YES;
				CLANG_WARN_INT_CONVERSION = YES;
				CLANG_WARN_NON_LITERAL_NULL_CONVERSION = YES;
				CLANG_WARN_OBJC_IMPLICIT_RETAIN_SELF = YES;
				CLANG_WARN_OBJC_LITERAL_CONVERSION = YES;
				CLANG_WARN_OBJC_ROOT_CLASS = YES_ERROR;
				CLANG_WARN_QUOTED_INCLUDE_IN_FRAMEWORK_HEADER = YES;
				CLANG_WARN_RANGE_LOOP_ANALYSIS = YES;
				CLANG_WARN_STRICT_PROTOTYPES = YES;
				CLANG_WARN_SUSPICIOUS_MOVE = YES;
				CLANG_WARN_UNGUARDED_AVAILABILITY = YES_AGGRESSIVE;
				CLANG_WARN_UNREACHABLE_CODE = YES;
				CLANG_WARN__DUPLICATE_METHOD_MATCH = YES;
				COPY_PHASE_STRIP = NO;
				DEBUG_INFORMATION_FORMAT = dwarf;
				ENABLE_STRICT_OBJC_MSGSEND = YES;
				ENABLE_TESTABILITY = YES;
				ENABLE_USER_SCRIPT_SANDBOXING = YES;
				GCC_C_LANGUAGE_STANDARD = gnu17;
				GCC_DYNAMIC_NO_PIC = NO;
				GCC_NO_COMMON_BLOCKS = YES;
				GCC_OPTIMIZATION_LEVEL = 0;
				GCC_PREPROCESSOR_DEFINITIONS = (
					"DEBUG=1",
					"$(inherited)",
				);
				GCC_WARN_64_TO_32_BIT_CONVERSION = YES;
				GCC_WARN_ABOUT_RETURN_TYPE = YES_ERROR;
				GCC_WARN_UNDECLARED_SELECTOR = YES;
				GCC_WARN_UNINITIALIZED_AUTOS = YES_AGGRESSIVE;
				GCC_WARN_UNUSED_FUNCTION = YES;
				GCC_WARN_UNUSED_VARIABLE = YES;
				IPHONEOS_DEPLOYMENT_TARGET = 18.2;
				LOCALIZATION_PREFERS_STRING_CATALOGS = YES;
				MTL_ENABLE_DEBUG_INFO = INCLUDE_SOURCE;
				MTL_FAST_MATH = YES;
				ONLY_ACTIVE_ARCH = YES;
				SDKROOT = iphoneos;
				SWIFT_ACTIVE_COMPILATION_CONDITIONS = "DEBUG $(inherited)";
				SWIFT_OPTIMIZATION_LEVEL = "-Onone";
			};
			name = Debug;
		};
		5ECA97C32E66E2030025245E /* Release */ = {
			isa = XCBuildConfiguration;
			buildSettings = {
				ALWAYS_SEARCH_USER_PATHS = NO;
				ASSETCATALOG_COMPILER_GENERATE_SWIFT_ASSET_SYMBOL_EXTENSIONS = YES;
				CLANG_ANALYZER_NONNULL = YES;
				CLANG_ANALYZER_NUMBER_OBJECT_CONVERSION = YES_AGGRESSIVE;
				CLANG_CXX_LANGUAGE_STANDARD = "gnu++20";
				CLANG_ENABLE_MODULES = YES;
				CLANG_ENABLE_OBJC_ARC = YES;
				CLANG_ENABLE_OBJC_WEAK = YES;
				CLANG_WARN_BLOCK_CAPTURE_AUTORELEASING = YES;
				CLANG_WARN_BOOL_CONVERSION = YES;
				CLANG_WARN_COMMA = YES;
				CLANG_WARN_CONSTANT_CONVERSION = YES;
				CLANG_WARN_DEPRECATED_OBJC_IMPLEMENTATIONS = YES;
				CLANG_WARN_DIRECT_OBJC_ISA_USAGE = YES_ERROR;
				CLANG_WARN_DOCUMENTATION_COMMENTS = YES;
				CLANG_WARN_EMPTY_BODY = YES;
				CLANG_WARN_ENUM_CONVERSION = YES;
				CLANG_WARN_INFINITE_RECURSION = YES;
				CLANG_WARN_INT_CONVERSION = YES;
				CLANG_WARN_NON_LITERAL_NULL_CONVERSION = YES;
				CLANG_WARN_OBJC_IMPLICIT_RETAIN_SELF = YES;
				CLANG_WARN_OBJC_LITERAL_CONVERSION = YES;
				CLANG_WARN_OBJC_ROOT_CLASS = YES_ERROR;
				CLANG_WARN_QUOTED_INCLUDE_IN_FRAMEWORK_HEADER = YES;
				CLANG_WARN_RANGE_LOOP_ANALYSIS = YES;
				CLANG_WARN_STRICT_PROTOTYPES = YES;
				CLANG_WARN_SUSPICIOUS_MOVE = YES;
				CLANG_WARN_UNGUARDED_AVAILABILITY = YES_AGGRESSIVE;
				CLANG_WARN_UNREACHABLE_CODE = YES;
				CLANG_WARN__DUPLICATE_METHOD_MATCH = YES;
				COPY_PHASE_STRIP = NO;
				DEBUG_INFORMATION_FORMAT = "dwarf-with-dsym";
				ENABLE_NS_ASSERTIONS = NO;
				ENABLE_STRICT_OBJC_MSGSEND = YES;
				ENABLE_USER_SCRIPT_SANDBOXING = YES;
				GCC_C_LANGUAGE_STANDARD = gnu17;
				GCC_NO_COMMON_BLOCKS = YES;
				GCC_WARN_64_TO_32_BIT_CONVERSION = YES;
				GCC_WARN_ABOUT_RETURN_TYPE = YES_ERROR;
				GCC_WARN_UNDECLARED_SELECTOR = YES;
				GCC_WARN_UNINITIALIZED_AUTOS = YES_AGGRESSIVE;
				GCC_WARN_UNUSED_FUNCTION = YES;
				GCC_WARN_UNUSED_VARIABLE = YES;
				IPHONEOS_DEPLOYMENT_TARGET = 18.2;
				LOCALIZATION_PREFERS_STRING_CATALOGS = YES;
				MTL_ENABLE_DEBUG_INFO = NO;
				MTL_FAST_MATH = YES;
				SDKROOT = iphoneos;
				SWIFT_COMPILATION_MODE = wholemodule;
				VALIDATE_PRODUCT = YES;
			};
			name = Release;
		};
/* End XCBuildConfiguration section */

/* Begin XCConfigurationList section */
		5ECA97912E66E2010025245E /* Build configuration list for PBXProject "ios-test-application" */ = {
			isa = XCConfigurationList;
			buildConfigurations = (
				5ECA97C22E66E2030025245E /* Debug */,
				5ECA97C32E66E2030025245E /* Release */,
			);
			defaultConfigurationIsVisible = 0;
			defaultConfigurationName = Release;
		};
		5ECA97BF2E66E2030025245E /* Build configuration list for PBXNativeTarget "ios-test-application" */ = {
			isa = XCConfigurationList;
			buildConfigurations = (
				5ECA97C02E66E2030025245E /* Debug */,
				5ECA97C12E66E2030025245E /* Release */,
			);
			defaultConfigurationIsVisible = 0;
			defaultConfigurationName = Release;
		};
/* End XCConfigurationList section */

/* Begin XCRemoteSwiftPackageReference section */
		5ECA97CA2E66E2480025245E /* XCRemoteSwiftPackageReference "ios-sdk" */ = {
			isa = XCRemoteSwiftPackageReference;
			repositoryURL = "https://github.com/virtualstores/ios-sdk.git";
			requirement = {
				kind = upToNextMajorVersion;
				minimumVersion = 2.11.0;
			};
		};
		5ECA97CB2E66E2E40025245E /* XCRemoteSwiftPackageReference "ios-map" */ = {
			isa = XCRemoteSwiftPackageReference;
			repositoryURL = "https://github.com/virtualstores/ios-map";
			requirement = {
				kind = upToNextMajorVersion;
				minimumVersion = 2.11.0;
			};
		};
/* End XCRemoteSwiftPackageReference section */

/* Begin XCSwiftPackageProductDependency section */
		5ECA97CD2E66E2F90025245E /* VSTT2 */ = {
			isa = XCSwiftPackageProductDependency;
			package = 5ECA97CA2E66E2480025245E /* XCRemoteSwiftPackageReference "ios-sdk" */;
			productName = VSTT2;
		};
		5ECA97CF2E66E2F90025245E /* VSMap */ = {
			isa = XCSwiftPackageProductDependency;
			package = 5ECA97CB2E66E2E40025245E /* XCRemoteSwiftPackageReference "ios-map" */;
			productName = VSMap;
		};
/* End XCSwiftPackageProductDependency section */
	};
	rootObject = 5ECA978E2E66E2010025245E /* Project object */;
}
